// !$*UTF8*$!
{
	archiveVersion = 1;
	classes = {
	};
	objectVersion = 55;
	objects = {

/* Begin PBXBuildFile section */
		971E19062917FBD30028965A /* Manrope-Regular.ttf in Resources */ = {isa = PBXBuildFile; fileRef = 971E19052917FBD30028965A /* Manrope-Regular.ttf */; };
		971E190A2918083C0028965A /* UIColor + Utilities.swift in Sources */ = {isa = PBXBuildFile; fileRef = 971E19092918083C0028965A /* UIColor + Utilities.swift */; };
		9761483C2800557E00A488BE /* AppDelegate.swift in Sources */ = {isa = PBXBuildFile; fileRef = 9761483B2800557E00A488BE /* AppDelegate.swift */; };
		9761483E2800557E00A488BE /* SceneDelegate.swift in Sources */ = {isa = PBXBuildFile; fileRef = 9761483D2800557E00A488BE /* SceneDelegate.swift */; };
		976148402800557E00A488BE /* ViewController.swift in Sources */ = {isa = PBXBuildFile; fileRef = 9761483F2800557E00A488BE /* ViewController.swift */; };
		976148432800557E00A488BE /* Main.storyboard in Resources */ = {isa = PBXBuildFile; fileRef = 976148412800557E00A488BE /* Main.storyboard */; };
		976148452800558000A488BE /* Assets.xcassets in Resources */ = {isa = PBXBuildFile; fileRef = 976148442800558000A488BE /* Assets.xcassets */; };
		976148482800558000A488BE /* LaunchScreen.storyboard in Resources */ = {isa = PBXBuildFile; fileRef = 976148462800558000A488BE /* LaunchScreen.storyboard */; };
		97614850280055B500A488BE /* AddPhotoScreen.swift in Sources */ = {isa = PBXBuildFile; fileRef = 9761484F280055B500A488BE /* AddPhotoScreen.swift */; };
		97614852280055C500A488BE /* AddPhotoScreen.storyboard in Resources */ = {isa = PBXBuildFile; fileRef = 97614851280055C500A488BE /* AddPhotoScreen.storyboard */; };
		97614854280055E000A488BE /* GalleryScreen.swift in Sources */ = {isa = PBXBuildFile; fileRef = 97614853280055E000A488BE /* GalleryScreen.swift */; };
		97614856280055E900A488BE /* GalleryScreen.storyboard in Resources */ = {isa = PBXBuildFile; fileRef = 97614855280055E900A488BE /* GalleryScreen.storyboard */; };
		9761485D2800582600A488BE /* AbrilFatface-Regular.ttf in Resources */ = {isa = PBXBuildFile; fileRef = 9761485C2800580200A488BE /* AbrilFatface-Regular.ttf */; };
/* End PBXBuildFile section */

/* Begin PBXFileReference section */
		971E19052917FBD30028965A /* Manrope-Regular.ttf */ = {isa = PBXFileReference; lastKnownFileType = file; path = "Manrope-Regular.ttf"; sourceTree = "<group>"; };
		971E19092918083C0028965A /* UIColor + Utilities.swift */ = {isa = PBXFileReference; lastKnownFileType = sourcecode.swift; path = "UIColor + Utilities.swift"; sourceTree = "<group>"; };
		976148382800557E00A488BE /* PhotoLibrary.app */ = {isa = PBXFileReference; explicitFileType = wrapper.application; includeInIndex = 0; path = PhotoLibrary.app; sourceTree = BUILT_PRODUCTS_DIR; };
		9761483B2800557E00A488BE /* AppDelegate.swift */ = {isa = PBXFileReference; lastKnownFileType = sourcecode.swift; path = AppDelegate.swift; sourceTree = "<group>"; };
		9761483D2800557E00A488BE /* SceneDelegate.swift */ = {isa = PBXFileReference; lastKnownFileType = sourcecode.swift; path = SceneDelegate.swift; sourceTree = "<group>"; };
		9761483F2800557E00A488BE /* ViewController.swift */ = {isa = PBXFileReference; lastKnownFileType = sourcecode.swift; path = ViewController.swift; sourceTree = "<group>"; };
		976148422800557E00A488BE /* Base */ = {isa = PBXFileReference; lastKnownFileType = file.storyboard; name = Base; path = Base.lproj/Main.storyboard; sourceTree = "<group>"; };
		976148442800558000A488BE /* Assets.xcassets */ = {isa = PBXFileReference; lastKnownFileType = folder.assetcatalog; path = Assets.xcassets; sourceTree = "<group>"; };
		976148472800558000A488BE /* Base */ = {isa = PBXFileReference; lastKnownFileType = file.storyboard; name = Base; path = Base.lproj/LaunchScreen.storyboard; sourceTree = "<group>"; };
		976148492800558000A488BE /* Info.plist */ = {isa = PBXFileReference; lastKnownFileType = text.plist.xml; path = Info.plist; sourceTree = "<group>"; };
		9761484F280055B500A488BE /* AddPhotoScreen.swift */ = {isa = PBXFileReference; lastKnownFileType = sourcecode.swift; path = AddPhotoScreen.swift; sourceTree = "<group>"; };
		97614851280055C500A488BE /* AddPhotoScreen.storyboard */ = {isa = PBXFileReference; lastKnownFileType = file.storyboard; path = AddPhotoScreen.storyboard; sourceTree = "<group>"; };
		97614853280055E000A488BE /* GalleryScreen.swift */ = {isa = PBXFileReference; lastKnownFileType = sourcecode.swift; path = GalleryScreen.swift; sourceTree = "<group>"; };
		97614855280055E900A488BE /* GalleryScreen.storyboard */ = {isa = PBXFileReference; lastKnownFileType = file.storyboard; path = GalleryScreen.storyboard; sourceTree = "<group>"; };
		9761485C2800580200A488BE /* AbrilFatface-Regular.ttf */ = {isa = PBXFileReference; lastKnownFileType = file; path = "AbrilFatface-Regular.ttf"; sourceTree = "<group>"; };
/* End PBXFileReference section */

/* Begin PBXFrameworksBuildPhase section */
		976148352800557E00A488BE /* Frameworks */ = {
			isa = PBXFrameworksBuildPhase;
			buildActionMask = 2147483647;
			files = (
			);
			runOnlyForDeploymentPostprocessing = 0;
		};
/* End PBXFrameworksBuildPhase section */

/* Begin PBXGroup section */
		9761482F2800557E00A488BE = {
			isa = PBXGroup;
			children = (
				9761483A2800557E00A488BE /* PhotoLibrary */,
				976148392800557E00A488BE /* Products */,
			);
			sourceTree = "<group>";
		};
		976148392800557E00A488BE /* Products */ = {
			isa = PBXGroup;
			children = (
				976148382800557E00A488BE /* PhotoLibrary.app */,
			);
			name = Products;
			sourceTree = "<group>";
		};
		9761483A2800557E00A488BE /* PhotoLibrary */ = {
			isa = PBXGroup;
			children = (
				9761483B2800557E00A488BE /* AppDelegate.swift */,
				9761483D2800557E00A488BE /* SceneDelegate.swift */,
				9761483F2800557E00A488BE /* ViewController.swift */,
				971E19092918083C0028965A /* UIColor + Utilities.swift */,
				976148412800557E00A488BE /* Main.storyboard */,
				97614858280055FD00A488BE /* AddPhotoScreen */,
				97614857280055F100A488BE /* GalleryScreen */,
				9761485B2800580200A488BE /* Font */,
				976148442800558000A488BE /* Assets.xcassets */,
				976148462800558000A488BE /* LaunchScreen.storyboard */,
				976148492800558000A488BE /* Info.plist */,
			);
			path = PhotoLibrary;
			sourceTree = "<group>";
		};
		97614857280055F100A488BE /* GalleryScreen */ = {
			isa = PBXGroup;
			children = (
				97614853280055E000A488BE /* GalleryScreen.swift */,
				97614855280055E900A488BE /* GalleryScreen.storyboard */,
			);
			path = GalleryScreen;
			sourceTree = "<group>";
		};
		97614858280055FD00A488BE /* AddPhotoScreen */ = {
			isa = PBXGroup;
			children = (
				9761484F280055B500A488BE /* AddPhotoScreen.swift */,
				97614851280055C500A488BE /* AddPhotoScreen.storyboard */,
			);
			path = AddPhotoScreen;
			sourceTree = "<group>";
		};
		9761485B2800580200A488BE /* Font */ = {
			isa = PBXGroup;
			children = (
				9761485C2800580200A488BE /* AbrilFatface-Regular.ttf */,
				971E19052917FBD30028965A /* Manrope-Regular.ttf */,
			);
			path = Font;
			sourceTree = "<group>";
		};
/* End PBXGroup section */

/* Begin PBXNativeTarget section */
		976148372800557E00A488BE /* PhotoLibrary */ = {
			isa = PBXNativeTarget;
			buildConfigurationList = 9761484C2800558000A488BE /* Build configuration list for PBXNativeTarget "PhotoLibrary" */;
			buildPhases = (
				976148342800557E00A488BE /* Sources */,
				976148352800557E00A488BE /* Frameworks */,
				976148362800557E00A488BE /* Resources */,
			);
			buildRules = (
			);
			dependencies = (
			);
			name = PhotoLibrary;
			productName = PhotoLibrary;
			productReference = 976148382800557E00A488BE /* PhotoLibrary.app */;
			productType = "com.apple.product-type.application";
		};
/* End PBXNativeTarget section */

/* Begin PBXProject section */
		976148302800557E00A488BE /* Project object */ = {
			isa = PBXProject;
			attributes = {
				BuildIndependentTargetsInParallel = 1;
				LastSwiftUpdateCheck = 1330;
				LastUpgradeCheck = 1330;
				TargetAttributes = {
					976148372800557E00A488BE = {
						CreatedOnToolsVersion = 13.3;
					};
				};
			};
			buildConfigurationList = 976148332800557E00A488BE /* Build configuration list for PBXProject "PhotoLibrary" */;
			compatibilityVersion = "Xcode 13.0";
			developmentRegion = en;
			hasScannedForEncodings = 0;
			knownRegions = (
				en,
				Base,
			);
			mainGroup = 9761482F2800557E00A488BE;
			productRefGroup = 976148392800557E00A488BE /* Products */;
			projectDirPath = "";
			projectRoot = "";
			targets = (
				976148372800557E00A488BE /* PhotoLibrary */,
			);
		};
/* End PBXProject section */

/* Begin PBXResourcesBuildPhase section */
		976148362800557E00A488BE /* Resources */ = {
			isa = PBXResourcesBuildPhase;
			buildActionMask = 2147483647;
			files = (
				97614856280055E900A488BE /* GalleryScreen.storyboard in Resources */,
				976148482800558000A488BE /* LaunchScreen.storyboard in Resources */,
				976148452800558000A488BE /* Assets.xcassets in Resources */,
				9761485D2800582600A488BE /* AbrilFatface-Regular.ttf in Resources */,
				976148432800557E00A488BE /* Main.storyboard in Resources */,
				971E19062917FBD30028965A /* Manrope-Regular.ttf in Resources */,
				97614852280055C500A488BE /* AddPhotoScreen.storyboard in Resources */,
			);
			runOnlyForDeploymentPostprocessing = 0;
		};
/* End PBXResourcesBuildPhase section */

/* Begin PBXSourcesBuildPhase section */
		976148342800557E00A488BE /* Sources */ = {
			isa = PBXSourcesBuildPhase;
			buildActionMask = 2147483647;
			files = (
				976148402800557E00A488BE /* ViewController.swift in Sources */,
				97614854280055E000A488BE /* GalleryScreen.swift in Sources */,
				971E190A2918083C0028965A /* UIColor + Utilities.swift in Sources */,
				9761483C2800557E00A488BE /* AppDelegate.swift in Sources */,
				97614850280055B500A488BE /* AddPhotoScreen.swift in Sources */,
				9761483E2800557E00A488BE /* SceneDelegate.swift in Sources */,
			);
			runOnlyForDeploymentPostprocessing = 0;
		};
/* End PBXSourcesBuildPhase section */

/* Begin PBXVariantGroup section */
		976148412800557E00A488BE /* Main.storyboard */ = {
			isa = PBXVariantGroup;
			children = (
				976148422800557E00A488BE /* Base */,
			);
			name = Main.storyboard;
			sourceTree = "<group>";
		};
		976148462800558000A488BE /* LaunchScreen.storyboard */ = {
			isa = PBXVariantGroup;
			children = (
				976148472800558000A488BE /* Base */,
			);
			name = LaunchScreen.storyboard;
			sourceTree = "<group>";
		};
/* End PBXVariantGroup section */

/* Begin XCBuildConfiguration section */
		9761484A2800558000A488BE /* Debug */ = {
			isa = XCBuildConfiguration;
			buildSettings = {
				ALWAYS_SEARCH_USER_PATHS = NO;
				CLANG_ANALYZER_NONNULL = YES;
				CLANG_ANALYZER_NUMBER_OBJECT_CONVERSION = YES_AGGRESSIVE;
				CLANG_CXX_LANGUAGE_STANDARD = "gnu++17";
				CLANG_ENABLE_MODULES = YES;
				CLANG_ENABLE_OBJC_ARC = YES;
				CLANG_ENABLE_OBJC_WEAK = YES;
				CLANG_WARN_BLOCK_CAPTURE_AUTORELEASING = YES;
				CLANG_WARN_BOOL_CONVERSION = YES;
				CLANG_WARN_COMMA = YES;
				CLANG_WARN_CONSTANT_CONVERSION = YES;
				CLANG_WARN_DEPRECATED_OBJC_IMPLEMENTATIONS = YES;
				CLANG_WARN_DIRECT_OBJC_ISA_USAGE = YES_ERROR;
				CLANG_WARN_DOCUMENTATION_COMMENTS = YES;
				CLANG_WARN_EMPTY_BODY = YES;
				CLANG_WARN_ENUM_CONVERSION = YES;
				CLANG_WARN_INFINITE_RECURSION = YES;
				CLANG_WARN_INT_CONVERSION = YES;
				CLANG_WARN_NON_LITERAL_NULL_CONVERSION = YES;
				CLANG_WARN_OBJC_IMPLICIT_RETAIN_SELF = YES;
				CLANG_WARN_OBJC_LITERAL_CONVERSION = YES;
				CLANG_WARN_OBJC_ROOT_CLASS = YES_ERROR;
				CLANG_WARN_QUOTED_INCLUDE_IN_FRAMEWORK_HEADER = YES;
				CLANG_WARN_RANGE_LOOP_ANALYSIS = YES;
				CLANG_WARN_STRICT_PROTOTYPES = YES;
				CLANG_WARN_SUSPICIOUS_MOVE = YES;
				CLANG_WARN_UNGUARDED_AVAILABILITY = YES_AGGRESSIVE;
				CLANG_WARN_UNREACHABLE_CODE = YES;
				CLANG_WARN__DUPLICATE_METHOD_MATCH = YES;
				COPY_PHASE_STRIP = NO;
				DEBUG_INFORMATION_FORMAT = dwarf;
				ENABLE_STRICT_OBJC_MSGSEND = YES;
				ENABLE_TESTABILITY = YES;
				GCC_C_LANGUAGE_STANDARD = gnu11;
				GCC_DYNAMIC_NO_PIC = NO;
				GCC_NO_COMMON_BLOCKS = YES;
				GCC_OPTIMIZATION_LEVEL = 0;
				GCC_PREPROCESSOR_DEFINITIONS = (
					"DEBUG=1",
					"$(inherited)",
				);
				GCC_WARN_64_TO_32_BIT_CONVERSION = YES;
				GCC_WARN_ABOUT_RETURN_TYPE = YES_ERROR;
				GCC_WARN_UNDECLARED_SELECTOR = YES;
				GCC_WARN_UNINITIALIZED_AUTOS = YES_AGGRESSIVE;
				GCC_WARN_UNUSED_FUNCTION = YES;
				GCC_WARN_UNUSED_VARIABLE = YES;
				IPHONEOS_DEPLOYMENT_TARGET = 15.4;
				MTL_ENABLE_DEBUG_INFO = INCLUDE_SOURCE;
				MTL_FAST_MATH = YES;
				ONLY_ACTIVE_ARCH = YES;
				SDKROOT = iphoneos;
				SWIFT_ACTIVE_COMPILATION_CONDITIONS = DEBUG;
				SWIFT_OPTIMIZATION_LEVEL = "-Onone";
			};
			name = Debug;
		};
		9761484B2800558000A488BE /* Release */ = {
			isa = XCBuildConfiguration;
			buildSettings = {
				ALWAYS_SEARCH_USER_PATHS = NO;
				CLANG_ANALYZER_NONNULL = YES;
				CLANG_ANALYZER_NUMBER_OBJECT_CONVERSION = YES_AGGRESSIVE;
				CLANG_CXX_LANGUAGE_STANDARD = "gnu++17";
				CLANG_ENABLE_MODULES = YES;
				CLANG_ENABLE_OBJC_ARC = YES;
				CLANG_ENABLE_OBJC_WEAK = YES;
				CLANG_WARN_BLOCK_CAPTURE_AUTORELEASING = YES;
				CLANG_WARN_BOOL_CONVERSION = YES;
				CLANG_WARN_COMMA = YES;
				CLANG_WARN_CONSTANT_CONVERSION = YES;
				CLANG_WARN_DEPRECATED_OBJC_IMPLEMENTATIONS = YES;
				CLANG_WARN_DIRECT_OBJC_ISA_USAGE = YES_ERROR;
				CLANG_WARN_DOCUMENTATION_COMMENTS = YES;
				CLANG_WARN_EMPTY_BODY = YES;
				CLANG_WARN_ENUM_CONVERSION = YES;
				CLANG_WARN_INFINITE_RECURSION = YES;
				CLANG_WARN_INT_CONVERSION = YES;
				CLANG_WARN_NON_LITERAL_NULL_CONVERSION = YES;
				CLANG_WARN_OBJC_IMPLICIT_RETAIN_SELF = YES;
				CLANG_WARN_OBJC_LITERAL_CONVERSION = YES;
				CLANG_WARN_OBJC_ROOT_CLASS = YES_ERROR;
				CLANG_WARN_QUOTED_INCLUDE_IN_FRAMEWORK_HEADER = YES;
				CLANG_WARN_RANGE_LOOP_ANALYSIS = YES;
				CLANG_WARN_STRICT_PROTOTYPES = YES;
				CLANG_WARN_SUSPICIOUS_MOVE = YES;
				CLANG_WARN_UNGUARDED_AVAILABILITY = YES_AGGRESSIVE;
				CLANG_WARN_UNREACHABLE_CODE = YES;
				CLANG_WARN__DUPLICATE_METHOD_MATCH = YES;
				COPY_PHASE_STRIP = NO;
				DEBUG_INFORMATION_FORMAT = "dwarf-with-dsym";
				ENABLE_NS_ASSERTIONS = NO;
				ENABLE_STRICT_OBJC_MSGSEND = YES;
				GCC_C_LANGUAGE_STANDARD = gnu11;
				GCC_NO_COMMON_BLOCKS = YES;
				GCC_WARN_64_TO_32_BIT_CONVERSION = YES;
				GCC_WARN_ABOUT_RETURN_TYPE = YES_ERROR;
				GCC_WARN_UNDECLARED_SELECTOR = YES;
				GCC_WARN_UNINITIALIZED_AUTOS = YES_AGGRESSIVE;
				GCC_WARN_UNUSED_FUNCTION = YES;
				GCC_WARN_UNUSED_VARIABLE = YES;
				IPHONEOS_DEPLOYMENT_TARGET = 15.4;
				MTL_ENABLE_DEBUG_INFO = NO;
				MTL_FAST_MATH = YES;
				SDKROOT = iphoneos;
				SWIFT_COMPILATION_MODE = wholemodule;
				SWIFT_OPTIMIZATION_LEVEL = "-O";
				VALIDATE_PRODUCT = YES;
			};
			name = Release;
		};
		9761484D2800558000A488BE /* Debug */ = {
			isa = XCBuildConfiguration;
			buildSettings = {
				ASSETCATALOG_COMPILER_APPICON_NAME = AppIcon;
				ASSETCATALOG_COMPILER_GLOBAL_ACCENT_COLOR_NAME = AccentColor;
				CODE_SIGN_STYLE = Automatic;
				CURRENT_PROJECT_VERSION = 1;
				GENERATE_INFOPLIST_FILE = YES;
				INFOPLIST_FILE = PhotoLibrary/Info.plist;
				INFOPLIST_KEY_UIApplicationSupportsIndirectInputEvents = YES;
				INFOPLIST_KEY_UILaunchStoryboardName = LaunchScreen;
				INFOPLIST_KEY_UIMainStoryboardFile = Main;
				INFOPLIST_KEY_UISupportedInterfaceOrientations_iPad = "UIInterfaceOrientationPortrait UIInterfaceOrientationPortraitUpsideDown UIInterfaceOrientationLandscapeLeft UIInterfaceOrientationLandscapeRight";
				INFOPLIST_KEY_UISupportedInterfaceOrientations_iPhone = "UIInterfaceOrientationPortrait UIInterfaceOrientationLandscapeLeft UIInterfaceOrientationLandscapeRight";
				LD_RUNPATH_SEARCH_PATHS = (
					"$(inherited)",
					"@executable_path/Frameworks",
				);
				MARKETING_VERSION = 1.0;
				PRODUCT_BUNDLE_IDENTIFIER = course.PhotoLibrary;
				PRODUCT_NAME = "$(TARGET_NAME)";
				SWIFT_EMIT_LOC_STRINGS = YES;
				SWIFT_VERSION = 5.0;
				TARGETED_DEVICE_FAMILY = "1,2";
			};
			name = Debug;
		};
		9761484E2800558000A488BE /* Release */ = {
			isa = XCBuildConfiguration;
			buildSettings = {
				ASSETCATALOG_COMPILER_APPICON_NAME = AppIcon;
				ASSETCATALOG_COMPILER_GLOBAL_ACCENT_COLOR_NAME = AccentColor;
				CODE_SIGN_STYLE = Automatic;
				CURRENT_PROJECT_VERSION = 1;
				GENERATE_INFOPLIST_FILE = YES;
				INFOPLIST_FILE = PhotoLibrary/Info.plist;
				INFOPLIST_KEY_UIApplicationSupportsIndirectInputEvents = YES;
				INFOPLIST_KEY_UILaunchStoryboardName = LaunchScreen;
				INFOPLIST_KEY_UIMainStoryboardFile = Main;
				INFOPLIST_KEY_UISupportedInterfaceOrientations_iPad = "UIInterfaceOrientationPortrait UIInterfaceOrientationPortraitUpsideDown UIInterfaceOrientationLandscapeLeft UIInterfaceOrientationLandscapeRight";
				INFOPLIST_KEY_UISupportedInterfaceOrientations_iPhone = "UIInterfaceOrientationPortrait UIInterfaceOrientationLandscapeLeft UIInterfaceOrientationLandscapeRight";
				LD_RUNPATH_SEARCH_PATHS = (
					"$(inherited)",
					"@executable_path/Frameworks",
				);
				MARKETING_VERSION = 1.0;
				PRODUCT_BUNDLE_IDENTIFIER = course.PhotoLibrary;
				PRODUCT_NAME = "$(TARGET_NAME)";
				SWIFT_EMIT_LOC_STRINGS = YES;
				SWIFT_VERSION = 5.0;
				TARGETED_DEVICE_FAMILY = "1,2";
			};
			name = Release;
		};
/* End XCBuildConfiguration section */

/* Begin XCConfigurationList section */
		976148332800557E00A488BE /* Build configuration list for PBXProject "PhotoLibrary" */ = {
			isa = XCConfigurationList;
			buildConfigurations = (
				9761484A2800558000A488BE /* Debug */,
				9761484B2800558000A488BE /* Release */,
			);
			defaultConfigurationIsVisible = 0;
			defaultConfigurationName = Release;
		};
		9761484C2800558000A488BE /* Build configuration list for PBXNativeTarget "PhotoLibrary" */ = {
			isa = XCConfigurationList;
			buildConfigurations = (
				9761484D2800558000A488BE /* Debug */,
				9761484E2800558000A488BE /* Release */,
			);
			defaultConfigurationIsVisible = 0;
			defaultConfigurationName = Release;
		};
/* End XCConfigurationList section */
	};
	rootObject = 976148302800557E00A488BE /* Project object */;
}
